
Microsoft Visual Studio Solution File, Format Version 12.00
# Visual Studio Version 17
VisualStudioVersion = 17.0.31903.59
MinimumVisualStudioVersion = 10.0.40219.1
Project("{2150E333-8FDC-42A3-9474-1A3956D46DE8}") = "src", "src", "{827E0CD3-B72D-47B6-A68D-7590B98EB39B}"
EndProject
Project("{FAE04EC0-301F-11D3-BF4B-00C04F79EFBC}") = "SeniorCrud.Api", "src\SeniorCrud.Api\SeniorCrud.Api.csproj", "{D03FEF8B-A626-4D05-A2A2-526D3FD29814}"
EndProject
Project("{FAE04EC0-301F-11D3-BF4B-00C04F79EFBC}") = "SeniorCrud.Application", "src\SeniorCrud.Application\SeniorCrud.Application.csproj", "{9AE99752-0D2A-4A22-9F93-85C439B0BA91}"
EndProject
Project("{FAE04EC0-301F-11D3-BF4B-00C04F79EFBC}") = "SeniorCrud.Domain", "src\SeniorCrud.Domain\SeniorCrud.Domain.csproj", "{42EA8CA4-4A37-460B-B1C5-5D7FF16083D9}"
EndProject
Project("{FAE04EC0-301F-11D3-BF4B-00C04F79EFBC}") = "SeniorCrud.Infrastructure", "src\SeniorCrud.Infrastructure\SeniorCrud.Infrastructure.csproj", "{893CF156-3BA3-47E9-863C-5B90533D3B44}"
EndProject
Project("{FAE04EC0-301F-11D3-BF4B-00C04F79EFBC}") = "SeniorCrud.Persistence", "src\SeniorCrud.Persistence\SeniorCrud.Persistence.csproj", "{6495927B-63C2-4032-AD92-A777879114BE}"
EndProject
Project("{2150E333-8FDC-42A3-9474-1A3956D46DE8}") = "tests", "tests", "{0AB3BF05-4346-4AA6-1389-037BE0695223}"
EndProject
Project("{FAE04EC0-301F-11D3-BF4B-00C04F79EFBC}") = "SeniorCrud.UnitTests", "tests\SeniorCrud.UnitTests\SeniorCrud.UnitTests.csproj", "{93726532-01EF-4653-87AA-9D3D87FDAFEE}"
EndProject
Project("{FAE04EC0-301F-11D3-BF4B-00C04F79EFBC}") = "SeniorCrud.IntegrationTests", "tests\SeniorCrud.IntegrationTests\SeniorCrud.IntegrationTests.csproj", "{4416C878-D1A4-4D2B-B1BC-660EF944FA22}"
EndProject
Global
	GlobalSection(SolutionConfigurationPlatforms) = preSolution
		Debug|Any CPU = Debug|Any CPU
		Debug|x64 = Debug|x64
		Debug|x86 = Debug|x86
		Release|Any CPU = Release|Any CPU
		Release|x64 = Release|x64
		Release|x86 = Release|x86
	EndGlobalSection
	GlobalSection(ProjectConfigurationPlatforms) = postSolution
		{D03FEF8B-A626-4D05-A2A2-526D3FD29814}.Debug|Any CPU.ActiveCfg = Debug|Any CPU
		{D03FEF8B-A626-4D05-A2A2-526D3FD29814}.Debug|Any CPU.Build.0 = Debug|Any CPU
		{D03FEF8B-A626-4D05-A2A2-526D3FD29814}.Debug|x64.ActiveCfg = Debug|Any CPU
		{D03FEF8B-A626-4D05-A2A2-526D3FD29814}.Debug|x64.Build.0 = Debug|Any CPU
		{D03FEF8B-A626-4D05-A2A2-526D3FD29814}.Debug|x86.ActiveCfg = Debug|Any CPU
		{D03FEF8B-A626-4D05-A2A2-526D3FD29814}.Debug|x86.Build.0 = Debug|Any CPU
		{D03FEF8B-A626-4D05-A2A2-526D3FD29814}.Release|Any CPU.ActiveCfg = Release|Any CPU
		{D03FEF8B-A626-4D05-A2A2-526D3FD29814}.Release|Any CPU.Build.0 = Release|Any CPU
		{D03FEF8B-A626-4D05-A2A2-526D3FD29814}.Release|x64.ActiveCfg = Release|Any CPU
		{D03FEF8B-A626-4D05-A2A2-526D3FD29814}.Release|x64.Build.0 = Release|Any CPU
		{D03FEF8B-A626-4D05-A2A2-526D3FD29814}.Release|x86.ActiveCfg = Release|Any CPU
		{D03FEF8B-A626-4D05-A2A2-526D3FD29814}.Release|x86.Build.0 = Release|Any CPU
		{9AE99752-0D2A-4A22-9F93-85C439B0BA91}.Debug|Any CPU.ActiveCfg = Debug|Any CPU
		{9AE99752-0D2A-4A22-9F93-85C439B0BA91}.Debug|Any CPU.Build.0 = Debug|Any CPU
		{9AE99752-0D2A-4A22-9F93-85C439B0BA91}.Debug|x64.ActiveCfg = Debug|Any CPU
		{9AE99752-0D2A-4A22-9F93-85C439B0BA91}.Debug|x64.Build.0 = Debug|Any CPU
		{9AE99752-0D2A-4A22-9F93-85C439B0BA91}.Debug|x86.ActiveCfg = Debug|Any CPU
		{9AE99752-0D2A-4A22-9F93-85C439B0BA91}.Debug|x86.Build.0 = Debug|Any CPU
		{9AE99752-0D2A-4A22-9F93-85C439B0BA91}.Release|Any CPU.ActiveCfg = Release|Any CPU
		{9AE99752-0D2A-4A22-9F93-85C439B0BA91}.Release|Any CPU.Build.0 = Release|Any CPU
		{9AE99752-0D2A-4A22-9F93-85C439B0BA91}.Release|x64.ActiveCfg = Release|Any CPU
		{9AE99752-0D2A-4A22-9F93-85C439B0BA91}.Release|x64.Build.0 = Release|Any CPU
		{9AE99752-0D2A-4A22-9F93-85C439B0BA91}.Release|x86.ActiveCfg = Release|Any CPU
		{9AE99752-0D2A-4A22-9F93-85C439B0BA91}.Release|x86.Build.0 = Release|Any CPU
		{42EA8CA4-4A37-460B-B1C5-5D7FF16083D9}.Debug|Any CPU.ActiveCfg = Debug|Any CPU
		{42EA8CA4-4A37-460B-B1C5-5D7FF16083D9}.Debug|Any CPU.Build.0 = Debug|Any CPU
		{42EA8CA4-4A37-460B-B1C5-5D7FF16083D9}.Debug|x64.ActiveCfg = Debug|Any CPU
		{42EA8CA4-4A37-460B-B1C5-5D7FF16083D9}.Debug|x64.Build.0 = Debug|Any CPU
		{42EA8CA4-4A37-460B-B1C5-5D7FF16083D9}.Debug|x86.ActiveCfg = Debug|Any CPU
		{42EA8CA4-4A37-460B-B1C5-5D7FF16083D9}.Debug|x86.Build.0 = Debug|Any CPU
		{42EA8CA4-4A37-460B-B1C5-5D7FF16083D9}.Release|Any CPU.ActiveCfg = Release|Any CPU
		{42EA8CA4-4A37-460B-B1C5-5D7FF16083D9}.Release|Any CPU.Build.0 = Release|Any CPU
		{42EA8CA4-4A37-460B-B1C5-5D7FF16083D9}.Release|x64.ActiveCfg = Release|Any CPU
		{42EA8CA4-4A37-460B-B1C5-5D7FF16083D9}.Release|x64.Build.0 = Release|Any CPU
		{42EA8CA4-4A37-460B-B1C5-5D7FF16083D9}.Release|x86.ActiveCfg = Release|Any CPU
		{42EA8CA4-4A37-460B-B1C5-5D7FF16083D9}.Release|x86.Build.0 = Release|Any CPU
		{893CF156-3BA3-47E9-863C-5B90533D3B44}.Debug|Any CPU.ActiveCfg = Debug|Any CPU
		{893CF156-3BA3-47E9-863C-5B90533D3B44}.Debug|Any CPU.Build.0 = Debug|Any CPU
		{893CF156-3BA3-47E9-863C-5B90533D3B44}.Debug|x64.ActiveCfg = Debug|Any CPU
		{893CF156-3BA3-47E9-863C-5B90533D3B44}.Debug|x64.Build.0 = Debug|Any CPU
		{893CF156-3BA3-47E9-863C-5B90533D3B44}.Debug|x86.ActiveCfg = Debug|Any CPU
		{893CF156-3BA3-47E9-863C-5B90533D3B44}.Debug|x86.Build.0 = Debug|Any CPU
		{893CF156-3BA3-47E9-863C-5B90533D3B44}.Release|Any CPU.ActiveCfg = Release|Any CPU
		{893CF156-3BA3-47E9-863C-5B90533D3B44}.Release|Any CPU.Build.0 = Release|Any CPU
		{893CF156-3BA3-47E9-863C-5B90533D3B44}.Release|x64.ActiveCfg = Release|Any CPU
		{893CF156-3BA3-47E9-863C-5B90533D3B44}.Release|x64.Build.0 = Release|Any CPU
		{893CF156-3BA3-47E9-863C-5B90533D3B44}.Release|x86.ActiveCfg = Release|Any CPU
		{893CF156-3BA3-47E9-863C-5B90533D3B44}.Release|x86.Build.0 = Release|Any CPU
		{6495927B-63C2-4032-AD92-A777879114BE}.Debug|Any CPU.ActiveCfg = Debug|Any CPU
		{6495927B-63C2-4032-AD92-A777879114BE}.Debug|Any CPU.Build.0 = Debug|Any CPU
		{6495927B-63C2-4032-AD92-A777879114BE}.Debug|x64.ActiveCfg = Debug|Any CPU
		{6495927B-63C2-4032-AD92-A777879114BE}.Debug|x64.Build.0 = Debug|Any CPU
		{6495927B-63C2-4032-AD92-A777879114BE}.Debug|x86.ActiveCfg = Debug|Any CPU
		{6495927B-63C2-4032-AD92-A777879114BE}.Debug|x86.Build.0 = Debug|Any CPU
		{6495927B-63C2-4032-AD92-A777879114BE}.Release|Any CPU.ActiveCfg = Release|Any CPU
		{6495927B-63C2-4032-AD92-A777879114BE}.Release|Any CPU.Build.0 = Release|Any CPU
		{6495927B-63C2-4032-AD92-A777879114BE}.Release|x64.ActiveCfg = Release|Any CPU
		{6495927B-63C2-4032-AD92-A777879114BE}.Release|x64.Build.0 = Release|Any CPU
		{6495927B-63C2-4032-AD92-A777879114BE}.Release|x86.ActiveCfg = Release|Any CPU
		{6495927B-63C2-4032-AD92-A777879114BE}.Release|x86.Build.0 = Release|Any CPU
		{93726532-01EF-4653-87AA-9D3D87FDAFEE}.Debug|Any CPU.ActiveCfg = Debug|Any CPU
		{93726532-01EF-4653-87AA-9D3D87FDAFEE}.Debug|Any CPU.Build.0 = Debug|Any CPU
		{93726532-01EF-4653-87AA-9D3D87FDAFEE}.Debug|x64.ActiveCfg = Debug|Any CPU
		{93726532-01EF-4653-87AA-9D3D87FDAFEE}.Debug|x64.Build.0 = Debug|Any CPU
		{93726532-01EF-4653-87AA-9D3D87FDAFEE}.Debug|x86.ActiveCfg = Debug|Any CPU
		{93726532-01EF-4653-87AA-9D3D87FDAFEE}.Debug|x86.Build.0 = Debug|Any CPU
		{93726532-01EF-4653-87AA-9D3D87FDAFEE}.Release|Any CPU.ActiveCfg = Release|Any CPU
		{93726532-01EF-4653-87AA-9D3D87FDAFEE}.Release|Any CPU.Build.0 = Release|Any CPU
		{93726532-01EF-4653-87AA-9D3D87FDAFEE}.Release|x64.ActiveCfg = Release|Any CPU
		{93726532-01EF-4653-87AA-9D3D87FDAFEE}.Release|x64.Build.0 = Release|Any CPU
		{93726532-01EF-4653-87AA-9D3D87FDAFEE}.Release|x86.ActiveCfg = Release|Any CPU
		{93726532-01EF-4653-87AA-9D3D87FDAFEE}.Release|x86.Build.0 = Release|Any CPU
		{4416C878-D1A4-4D2B-B1BC-660EF944FA22}.Debug|Any CPU.ActiveCfg = Debug|Any CPU
		{4416C878-D1A4-4D2B-B1BC-660EF944FA22}.Debug|Any CPU.Build.0 = Debug|Any CPU
		{4416C878-D1A4-4D2B-B1BC-660EF944FA22}.Debug|x64.ActiveCfg = Debug|Any CPU
		{4416C878-D1A4-4D2B-B1BC-660EF944FA22}.Debug|x64.Build.0 = Debug|Any CPU
		{4416C878-D1A4-4D2B-B1BC-660EF944FA22}.Debug|x86.ActiveCfg = Debug|Any CPU
		{4416C878-D1A4-4D2B-B1BC-660EF944FA22}.Debug|x86.Build.0 = Debug|Any CPU
		{4416C878-D1A4-4D2B-B1BC-660EF944FA22}.Release|Any CPU.ActiveCfg = Release|Any CPU
		{4416C878-D1A4-4D2B-B1BC-660EF944FA22}.Release|Any CPU.Build.0 = Release|Any CPU
		{4416C878-D1A4-4D2B-B1BC-660EF944FA22}.Release|x64.ActiveCfg = Release|Any CPU
		{4416C878-D1A4-4D2B-B1BC-660EF944FA22}.Release|x64.Build.0 = Release|Any CPU
		{4416C878-D1A4-4D2B-B1BC-660EF944FA22}.Release|x86.ActiveCfg = Release|Any CPU
		{4416C878-D1A4-4D2B-B1BC-660EF944FA22}.Release|x86.Build.0 = Release|Any CPU
	EndGlobalSection
	GlobalSection(SolutionProperties) = preSolution
		HideSolutionNode = FALSE
	EndGlobalSection
	GlobalSection(NestedProjects) = preSolution
		{D03FEF8B-A626-4D05-A2A2-526D3FD29814} = {827E0CD3-B72D-47B6-A68D-7590B98EB39B}
		{9AE99752-0D2A-4A22-9F93-85C439B0BA91} = {827E0CD3-B72D-47B6-A68D-7590B98EB39B}
		{42EA8CA4-4A37-460B-B1C5-5D7FF16083D9} = {827E0CD3-B72D-47B6-A68D-7590B98EB39B}
		{893CF156-3BA3-47E9-863C-5B90533D3B44} = {827E0CD3-B72D-47B6-A68D-7590B98EB39B}
		{6495927B-63C2-4032-AD92-A777879114BE} = {827E0CD3-B72D-47B6-A68D-7590B98EB39B}
		{93726532-01EF-4653-87AA-9D3D87FDAFEE} = {0AB3BF05-4346-4AA6-1389-037BE0695223}
		{4416C878-D1A4-4D2B-B1BC-660EF944FA22} = {0AB3BF05-4346-4AA6-1389-037BE0695223}
	EndGlobalSection
EndGlobal
